
Microsoft Visual Studio Solution File, Format Version 9.00
# Visual Studio 2005
Project("{8BC9CEB8-8B4A-11D0-8D11-00A0C91BC942}") = "Instruments", "Instruments2005.vcproj", "{E3932F06-DA1D-42A8-95AB-B3469B90F26F}"
EndProject
Global
	GlobalSection(SolutionConfigurationPlatforms) = preSolution
		Debug|Win32 = Debug|Win32
		Release|Win32 = Release|Win32
	EndGlobalSection
	GlobalSection(ProjectConfigurationPlatforms) = postSolution
		{E3932F06-DA1D-42A8-95AB-B3469B90F26F}.Debug|Win32.ActiveCfg = Debug|Win32
		{E3932F06-DA1D-42A8-95AB-B3469B90F26F}.Debug|Win32.Build.0 = Debug|Win32
		{E3932F06-DA1D-42A8-95AB-B3469B90F26F}.Release|Win32.ActiveCfg = Release|Win32
		{E3932F06-DA1D-42A8-95AB-B3469B90F26F}.Release|Win32.Build.0 = Release|Win32
	EndGlobalSection
	GlobalSection(SolutionProperties) = preSolution
		HideSolutionNode = FALSE
	EndGlobalSection
EndGlobal
