
Microsoft Visual Studio Solution File, Format Version 9.00
# Visual Studio 2005
Project("{54435603-DBB4-11D2-8724-00A0C9A8B90C}") = "SrcInstall", "SrcInstall.vdproj", "{62CE9E8E-F640-4880-BB63-8F15D78B85C1}"
EndProject
Global
	GlobalSection(SolutionConfigurationPlatforms) = preSolution
		Debug|Default = Debug|Default
		Release|Default = Release|Default
	EndGlobalSection
	GlobalSection(ProjectConfigurationPlatforms) = postSolution
		{62CE9E8E-F640-4880-BB63-8F15D78B85C1}.Debug|Default.ActiveCfg = Debug
		{62CE9E8E-F640-4880-BB63-8F15D78B85C1}.Debug|Default.Build.0 = Debug
		{62CE9E8E-F640-4880-BB63-8F15D78B85C1}.Release|Default.ActiveCfg = Release
		{62CE9E8E-F640-4880-BB63-8F15D78B85C1}.Release|Default.Build.0 = Release
	EndGlobalSection
	GlobalSection(SolutionProperties) = preSolution
		HideSolutionNode = FALSE
	EndGlobalSection
EndGlobal
