
Microsoft Visual Studio Solution File, Format Version 10.00
# Visual Studio 2008
Project("{8BC9CEB8-8B4A-11D0-8D11-00A0C91BC942}") = "fltk", "fltk.vcproj", "{3BB0065D-D88A-4C74-9FE7-7F602F62D7D0}"
	ProjectSection(ProjectDependencies) = postProject
		{E3932F06-DA1D-42A8-95AB-B3469B90F26F} = {E3932F06-DA1D-42A8-95AB-B3469B90F26F}
		{1A1DB816-2BB9-4236-B78F-7EE59365ECDE} = {1A1DB816-2BB9-4236-B78F-7EE59365ECDE}
		{BB4A5654-F24B-476F-A7B3-0A5D129E9076} = {BB4A5654-F24B-476F-A7B3-0A5D129E9076}
		{74672FD6-6000-4F49-B24B-2831FC760FB8} = {74672FD6-6000-4F49-B24B-2831FC760FB8}
	EndProjectSection
EndProject
Project("{8BC9CEB8-8B4A-11D0-8D11-00A0C91BC942}") = "Core", "..\Core\Core.vcproj", "{1A1DB816-2BB9-4236-B78F-7EE59365ECDE}"
	ProjectSection(ProjectDependencies) = postProject
		{E3932F06-DA1D-42A8-95AB-B3469B90F26F} = {E3932F06-DA1D-42A8-95AB-B3469B90F26F}
		{BB4A5654-F24B-476F-A7B3-0A5D129E9076} = {BB4A5654-F24B-476F-A7B3-0A5D129E9076}
		{74672FD6-6000-4F49-B24B-2831FC760FB8} = {74672FD6-6000-4F49-B24B-2831FC760FB8}
	EndProjectSection
EndProject
Project("{8BC9CEB8-8B4A-11D0-8D11-00A0C91BC942}") = "Common", "..\..\Common\Common.vcproj", "{BB4A5654-F24B-476F-A7B3-0A5D129E9076}"
EndProject
Project("{8BC9CEB8-8B4A-11D0-8D11-00A0C91BC942}") = "Instruments", "..\..\Instruments\Instruments.vcproj", "{E3932F06-DA1D-42A8-95AB-B3469B90F26F}"
	ProjectSection(ProjectDependencies) = postProject
		{BB4A5654-F24B-476F-A7B3-0A5D129E9076} = {BB4A5654-F24B-476F-A7B3-0A5D129E9076}
	EndProjectSection
EndProject
Project("{8BC9CEB8-8B4A-11D0-8D11-00A0C91BC942}") = "Notelist", "..\..\Notelist\Notelist.vcproj", "{74672FD6-6000-4F49-B24B-2831FC760FB8}"
	ProjectSection(ProjectDependencies) = postProject
		{E3932F06-DA1D-42A8-95AB-B3469B90F26F} = {E3932F06-DA1D-42A8-95AB-B3469B90F26F}
		{BB4A5654-F24B-476F-A7B3-0A5D129E9076} = {BB4A5654-F24B-476F-A7B3-0A5D129E9076}
	EndProjectSection
EndProject
Global
	GlobalSection(SolutionConfigurationPlatforms) = preSolution
		Debug|Win32 = Debug|Win32
		Release|Win32 = Release|Win32
		ReleaseI|Win32 = ReleaseI|Win32
	EndGlobalSection
	GlobalSection(ProjectConfigurationPlatforms) = postSolution
		{3BB0065D-D88A-4C74-9FE7-7F602F62D7D0}.Debug|Win32.ActiveCfg = Debug|Win32
		{3BB0065D-D88A-4C74-9FE7-7F602F62D7D0}.Debug|Win32.Build.0 = Debug|Win32
		{3BB0065D-D88A-4C74-9FE7-7F602F62D7D0}.Release|Win32.ActiveCfg = Release|Win32
		{3BB0065D-D88A-4C74-9FE7-7F602F62D7D0}.Release|Win32.Build.0 = Release|Win32
		{3BB0065D-D88A-4C74-9FE7-7F602F62D7D0}.ReleaseI|Win32.ActiveCfg = Release|x64
		{1A1DB816-2BB9-4236-B78F-7EE59365ECDE}.Debug|Win32.ActiveCfg = Debug|Win32
		{1A1DB816-2BB9-4236-B78F-7EE59365ECDE}.Debug|Win32.Build.0 = Debug|Win32
		{1A1DB816-2BB9-4236-B78F-7EE59365ECDE}.Release|Win32.ActiveCfg = Release|Win32
		{1A1DB816-2BB9-4236-B78F-7EE59365ECDE}.Release|Win32.Build.0 = Release|Win32
		{1A1DB816-2BB9-4236-B78F-7EE59365ECDE}.ReleaseI|Win32.ActiveCfg = Release|x64
		{BB4A5654-F24B-476F-A7B3-0A5D129E9076}.Debug|Win32.ActiveCfg = Debug|Win32
		{BB4A5654-F24B-476F-A7B3-0A5D129E9076}.Debug|Win32.Build.0 = Debug|Win32
		{BB4A5654-F24B-476F-A7B3-0A5D129E9076}.Release|Win32.ActiveCfg = Release|Win32
		{BB4A5654-F24B-476F-A7B3-0A5D129E9076}.Release|Win32.Build.0 = Release|Win32
		{BB4A5654-F24B-476F-A7B3-0A5D129E9076}.ReleaseI|Win32.ActiveCfg = Release|x64
		{E3932F06-DA1D-42A8-95AB-B3469B90F26F}.Debug|Win32.ActiveCfg = Debug|Win32
		{E3932F06-DA1D-42A8-95AB-B3469B90F26F}.Debug|Win32.Build.0 = Debug|Win32
		{E3932F06-DA1D-42A8-95AB-B3469B90F26F}.Release|Win32.ActiveCfg = Release|Win32
		{E3932F06-DA1D-42A8-95AB-B3469B90F26F}.Release|Win32.Build.0 = Release|Win32
		{E3932F06-DA1D-42A8-95AB-B3469B90F26F}.ReleaseI|Win32.ActiveCfg = ReleaseI|Win32
		{E3932F06-DA1D-42A8-95AB-B3469B90F26F}.ReleaseI|Win32.Build.0 = ReleaseI|Win32
		{74672FD6-6000-4F49-B24B-2831FC760FB8}.Debug|Win32.ActiveCfg = Debug|Win32
		{74672FD6-6000-4F49-B24B-2831FC760FB8}.Debug|Win32.Build.0 = Debug|Win32
		{74672FD6-6000-4F49-B24B-2831FC760FB8}.Release|Win32.ActiveCfg = Release|Win32
		{74672FD6-6000-4F49-B24B-2831FC760FB8}.Release|Win32.Build.0 = Release|Win32
		{74672FD6-6000-4F49-B24B-2831FC760FB8}.ReleaseI|Win32.ActiveCfg = Release|x64
	EndGlobalSection
	GlobalSection(SolutionProperties) = preSolution
		HideSolutionNode = FALSE
	EndGlobalSection
EndGlobal
