
Microsoft Visual Studio Solution File, Format Version 9.00
# Visual Studio 2005
Project("{8BC9CEB8-8B4A-11D0-8D11-00A0C91BC942}") = "Example01", "Example01\Example01-2005.vcproj", "{40072265-76F1-4CE0-9C3E-B1971EB6462B}"
	ProjectSection(ProjectDependencies) = postProject
		{BB4A5654-F24B-476F-A7B3-0A5D129E9076} = {BB4A5654-F24B-476F-A7B3-0A5D129E9076}
	EndProjectSection
EndProject
Project("{8BC9CEB8-8B4A-11D0-8D11-00A0C91BC942}") = "Example02", "Example02\Example02-2005.vcproj", "{E8EE8120-C027-4D9D-9EE1-B10B61C037C4}"
	ProjectSection(ProjectDependencies) = postProject
		{BB4A5654-F24B-476F-A7B3-0A5D129E9076} = {BB4A5654-F24B-476F-A7B3-0A5D129E9076}
	EndProjectSection
EndProject
Project("{8BC9CEB8-8B4A-11D0-8D11-00A0C91BC942}") = "Example03", "Example03\Example03-2005.vcproj", "{591CBE71-360C-4969-821C-7D3B3C549C4E}"
	ProjectSection(ProjectDependencies) = postProject
		{BB4A5654-F24B-476F-A7B3-0A5D129E9076} = {BB4A5654-F24B-476F-A7B3-0A5D129E9076}
	EndProjectSection
EndProject
Project("{8BC9CEB8-8B4A-11D0-8D11-00A0C91BC942}") = "Example02a", "Example02a\Example02a-2005.vcproj", "{0152FA8B-8FEA-4696-B9C4-23EF899B6B5E}"
	ProjectSection(ProjectDependencies) = postProject
		{BB4A5654-F24B-476F-A7B3-0A5D129E9076} = {BB4A5654-F24B-476F-A7B3-0A5D129E9076}
	EndProjectSection
EndProject
Project("{8BC9CEB8-8B4A-11D0-8D11-00A0C91BC942}") = "Example02b", "Example02b\Example02b-2005.vcproj", "{A85EA21E-05DE-42B1-8F15-6FAD79E5BD3C}"
	ProjectSection(ProjectDependencies) = postProject
		{BB4A5654-F24B-476F-A7B3-0A5D129E9076} = {BB4A5654-F24B-476F-A7B3-0A5D129E9076}
	EndProjectSection
EndProject
Project("{8BC9CEB8-8B4A-11D0-8D11-00A0C91BC942}") = "Example04", "Example04\Example04-2005.vcproj", "{DAF36C07-9711-4E34-8355-1846FC8B2A7E}"
	ProjectSection(ProjectDependencies) = postProject
		{BB4A5654-F24B-476F-A7B3-0A5D129E9076} = {BB4A5654-F24B-476F-A7B3-0A5D129E9076}
	EndProjectSection
EndProject
Project("{8BC9CEB8-8B4A-11D0-8D11-00A0C91BC942}") = "Example05", "Example05\Example05-2005.vcproj", "{78A942D0-99BD-4726-8EF0-0BF63A2CB1BE}"
	ProjectSection(ProjectDependencies) = postProject
		{BB4A5654-F24B-476F-A7B3-0A5D129E9076} = {BB4A5654-F24B-476F-A7B3-0A5D129E9076}
	EndProjectSection
EndProject
Project("{8BC9CEB8-8B4A-11D0-8D11-00A0C91BC942}") = "Example06", "Example06\Example06-2005.vcproj", "{B0690F2E-DEFE-40B7-AF32-6F9C1CBBFE35}"
	ProjectSection(ProjectDependencies) = postProject
		{BB4A5654-F24B-476F-A7B3-0A5D129E9076} = {BB4A5654-F24B-476F-A7B3-0A5D129E9076}
	EndProjectSection
EndProject
Project("{8BC9CEB8-8B4A-11D0-8D11-00A0C91BC942}") = "Example07", "Example07\Example07-2005.vcproj", "{B16821CC-B22F-45E0-A536-46DBFD41AE54}"
	ProjectSection(ProjectDependencies) = postProject
		{BB4A5654-F24B-476F-A7B3-0A5D129E9076} = {BB4A5654-F24B-476F-A7B3-0A5D129E9076}
	EndProjectSection
EndProject
Project("{8BC9CEB8-8B4A-11D0-8D11-00A0C91BC942}") = "Example07a", "Example07a\Example07a-2005.vcproj", "{B35D9035-12AD-4E93-9582-EFFD90CF20B3}"
	ProjectSection(ProjectDependencies) = postProject
		{BB4A5654-F24B-476F-A7B3-0A5D129E9076} = {BB4A5654-F24B-476F-A7B3-0A5D129E9076}
	EndProjectSection
EndProject
Project("{8BC9CEB8-8B4A-11D0-8D11-00A0C91BC942}") = "Example07b", "Example07b\Example07b-2005.vcproj", "{8B521132-E07D-4ECE-9EC4-9E17D03140EE}"
	ProjectSection(ProjectDependencies) = postProject
		{BB4A5654-F24B-476F-A7B3-0A5D129E9076} = {BB4A5654-F24B-476F-A7B3-0A5D129E9076}
	EndProjectSection
EndProject
Project("{8BC9CEB8-8B4A-11D0-8D11-00A0C91BC942}") = "Example08", "Example08\Example08-2005.vcproj", "{7B5AD4F0-6211-4A72-8A3B-1E5C021F22DC}"
	ProjectSection(ProjectDependencies) = postProject
		{BB4A5654-F24B-476F-A7B3-0A5D129E9076} = {BB4A5654-F24B-476F-A7B3-0A5D129E9076}
	EndProjectSection
EndProject
Project("{8BC9CEB8-8B4A-11D0-8D11-00A0C91BC942}") = "Example09", "Example09\Example09-2005.vcproj", "{7E0434A5-722D-46CD-96B7-31700D242E18}"
	ProjectSection(ProjectDependencies) = postProject
		{BB4A5654-F24B-476F-A7B3-0A5D129E9076} = {BB4A5654-F24B-476F-A7B3-0A5D129E9076}
	EndProjectSection
EndProject
Project("{8BC9CEB8-8B4A-11D0-8D11-00A0C91BC942}") = "Example10", "Example10\Example10-2005.vcproj", "{F13619DB-980A-4B8C-9982-D922B51CC66F}"
	ProjectSection(ProjectDependencies) = postProject
		{E3932F06-DA1D-42A8-95AB-B3469B90F26F} = {E3932F06-DA1D-42A8-95AB-B3469B90F26F}
		{BB4A5654-F24B-476F-A7B3-0A5D129E9076} = {BB4A5654-F24B-476F-A7B3-0A5D129E9076}
	EndProjectSection
EndProject
Project("{8BC9CEB8-8B4A-11D0-8D11-00A0C91BC942}") = "Instruments", "..\Instruments\Instruments2005.vcproj", "{E3932F06-DA1D-42A8-95AB-B3469B90F26F}"
	ProjectSection(ProjectDependencies) = postProject
		{BB4A5654-F24B-476F-A7B3-0A5D129E9076} = {BB4A5654-F24B-476F-A7B3-0A5D129E9076}
	EndProjectSection
EndProject
Project("{8BC9CEB8-8B4A-11D0-8D11-00A0C91BC942}") = "Common", "..\Common\Common2005.vcproj", "{BB4A5654-F24B-476F-A7B3-0A5D129E9076}"
EndProject
Project("{8BC9CEB8-8B4A-11D0-8D11-00A0C91BC942}") = "Example07c", "Example07c\Example07c-2005.vcproj", "{FA7E7C80-0B7B-4EC3-BD78-04FD38C80DF0}"
	ProjectSection(ProjectDependencies) = postProject
		{BB4A5654-F24B-476F-A7B3-0A5D129E9076} = {BB4A5654-F24B-476F-A7B3-0A5D129E9076}
	EndProjectSection
EndProject
Project("{8BC9CEB8-8B4A-11D0-8D11-00A0C91BC942}") = "Example4a", "Example4a\Example4a-2005.vcproj", "{365E9329-E6C9-4F9E-A23A-F86FE9555F89}"
	ProjectSection(ProjectDependencies) = postProject
		{BB4A5654-F24B-476F-A7B3-0A5D129E9076} = {BB4A5654-F24B-476F-A7B3-0A5D129E9076}
	EndProjectSection
EndProject
Project("{8BC9CEB8-8B4A-11D0-8D11-00A0C91BC942}") = "Example9a", "Example9a\Example9a-2005.vcproj", "{C79EF41F-B1B8-4D94-90C0-C84A2CB27C4C}"
	ProjectSection(ProjectDependencies) = postProject
		{E3932F06-DA1D-42A8-95AB-B3469B90F26F} = {E3932F06-DA1D-42A8-95AB-B3469B90F26F}
		{BB4A5654-F24B-476F-A7B3-0A5D129E9076} = {BB4A5654-F24B-476F-A7B3-0A5D129E9076}
	EndProjectSection
EndProject
Global
	GlobalSection(SolutionConfigurationPlatforms) = preSolution
		Debug|Win32 = Debug|Win32
		Debug|x64 = Debug|x64
		Release|Win32 = Release|Win32
		Release|x64 = Release|x64
		Description = BasicSynth Example Programs
	EndGlobalSection
	GlobalSection(ProjectConfigurationPlatforms) = postSolution
		{40072265-76F1-4CE0-9C3E-B1971EB6462B}.Debug|Win32.ActiveCfg = Debug|Win32
		{40072265-76F1-4CE0-9C3E-B1971EB6462B}.Debug|Win32.Build.0 = Debug|Win32
		{40072265-76F1-4CE0-9C3E-B1971EB6462B}.Debug|x64.ActiveCfg = Debug|x64
		{40072265-76F1-4CE0-9C3E-B1971EB6462B}.Debug|x64.Build.0 = Debug|x64
		{40072265-76F1-4CE0-9C3E-B1971EB6462B}.Release|Win32.ActiveCfg = Release|Win32
		{40072265-76F1-4CE0-9C3E-B1971EB6462B}.Release|Win32.Build.0 = Release|Win32
		{40072265-76F1-4CE0-9C3E-B1971EB6462B}.Release|x64.ActiveCfg = Release|x64
		{40072265-76F1-4CE0-9C3E-B1971EB6462B}.Release|x64.Build.0 = Release|x64
		{E8EE8120-C027-4D9D-9EE1-B10B61C037C4}.Debug|Win32.ActiveCfg = Debug|Win32
		{E8EE8120-C027-4D9D-9EE1-B10B61C037C4}.Debug|Win32.Build.0 = Debug|Win32
		{E8EE8120-C027-4D9D-9EE1-B10B61C037C4}.Debug|x64.ActiveCfg = Debug|x64
		{E8EE8120-C027-4D9D-9EE1-B10B61C037C4}.Debug|x64.Build.0 = Debug|x64
		{E8EE8120-C027-4D9D-9EE1-B10B61C037C4}.Release|Win32.ActiveCfg = Release|Win32
		{E8EE8120-C027-4D9D-9EE1-B10B61C037C4}.Release|Win32.Build.0 = Release|Win32
		{E8EE8120-C027-4D9D-9EE1-B10B61C037C4}.Release|x64.ActiveCfg = Release|x64
		{E8EE8120-C027-4D9D-9EE1-B10B61C037C4}.Release|x64.Build.0 = Release|x64
		{591CBE71-360C-4969-821C-7D3B3C549C4E}.Debug|Win32.ActiveCfg = Debug|Win32
		{591CBE71-360C-4969-821C-7D3B3C549C4E}.Debug|Win32.Build.0 = Debug|Win32
		{591CBE71-360C-4969-821C-7D3B3C549C4E}.Debug|x64.ActiveCfg = Debug|x64
		{591CBE71-360C-4969-821C-7D3B3C549C4E}.Debug|x64.Build.0 = Debug|x64
		{591CBE71-360C-4969-821C-7D3B3C549C4E}.Release|Win32.ActiveCfg = Release|Win32
		{591CBE71-360C-4969-821C-7D3B3C549C4E}.Release|Win32.Build.0 = Release|Win32
		{591CBE71-360C-4969-821C-7D3B3C549C4E}.Release|x64.ActiveCfg = Release|x64
		{591CBE71-360C-4969-821C-7D3B3C549C4E}.Release|x64.Build.0 = Release|x64
		{0152FA8B-8FEA-4696-B9C4-23EF899B6B5E}.Debug|Win32.ActiveCfg = Debug|Win32
		{0152FA8B-8FEA-4696-B9C4-23EF899B6B5E}.Debug|Win32.Build.0 = Debug|Win32
		{0152FA8B-8FEA-4696-B9C4-23EF899B6B5E}.Debug|x64.ActiveCfg = Debug|x64
		{0152FA8B-8FEA-4696-B9C4-23EF899B6B5E}.Debug|x64.Build.0 = Debug|x64
		{0152FA8B-8FEA-4696-B9C4-23EF899B6B5E}.Release|Win32.ActiveCfg = Release|Win32
		{0152FA8B-8FEA-4696-B9C4-23EF899B6B5E}.Release|Win32.Build.0 = Release|Win32
		{0152FA8B-8FEA-4696-B9C4-23EF899B6B5E}.Release|x64.ActiveCfg = Release|x64
		{0152FA8B-8FEA-4696-B9C4-23EF899B6B5E}.Release|x64.Build.0 = Release|x64
		{A85EA21E-05DE-42B1-8F15-6FAD79E5BD3C}.Debug|Win32.ActiveCfg = Debug|Win32
		{A85EA21E-05DE-42B1-8F15-6FAD79E5BD3C}.Debug|Win32.Build.0 = Debug|Win32
		{A85EA21E-05DE-42B1-8F15-6FAD79E5BD3C}.Debug|x64.ActiveCfg = Debug|x64
		{A85EA21E-05DE-42B1-8F15-6FAD79E5BD3C}.Debug|x64.Build.0 = Debug|x64
		{A85EA21E-05DE-42B1-8F15-6FAD79E5BD3C}.Release|Win32.ActiveCfg = Release|Win32
		{A85EA21E-05DE-42B1-8F15-6FAD79E5BD3C}.Release|Win32.Build.0 = Release|Win32
		{A85EA21E-05DE-42B1-8F15-6FAD79E5BD3C}.Release|x64.ActiveCfg = Release|x64
		{A85EA21E-05DE-42B1-8F15-6FAD79E5BD3C}.Release|x64.Build.0 = Release|x64
		{DAF36C07-9711-4E34-8355-1846FC8B2A7E}.Debug|Win32.ActiveCfg = Debug|Win32
		{DAF36C07-9711-4E34-8355-1846FC8B2A7E}.Debug|Win32.Build.0 = Debug|Win32
		{DAF36C07-9711-4E34-8355-1846FC8B2A7E}.Debug|x64.ActiveCfg = Debug|x64
		{DAF36C07-9711-4E34-8355-1846FC8B2A7E}.Debug|x64.Build.0 = Debug|x64
		{DAF36C07-9711-4E34-8355-1846FC8B2A7E}.Release|Win32.ActiveCfg = Release|Win32
		{DAF36C07-9711-4E34-8355-1846FC8B2A7E}.Release|Win32.Build.0 = Release|Win32
		{DAF36C07-9711-4E34-8355-1846FC8B2A7E}.Release|x64.ActiveCfg = Release|x64
		{DAF36C07-9711-4E34-8355-1846FC8B2A7E}.Release|x64.Build.0 = Release|x64
		{78A942D0-99BD-4726-8EF0-0BF63A2CB1BE}.Debug|Win32.ActiveCfg = Debug|Win32
		{78A942D0-99BD-4726-8EF0-0BF63A2CB1BE}.Debug|Win32.Build.0 = Debug|Win32
		{78A942D0-99BD-4726-8EF0-0BF63A2CB1BE}.Debug|x64.ActiveCfg = Debug|x64
		{78A942D0-99BD-4726-8EF0-0BF63A2CB1BE}.Debug|x64.Build.0 = Debug|x64
		{78A942D0-99BD-4726-8EF0-0BF63A2CB1BE}.Release|Win32.ActiveCfg = Release|Win32
		{78A942D0-99BD-4726-8EF0-0BF63A2CB1BE}.Release|Win32.Build.0 = Release|Win32
		{78A942D0-99BD-4726-8EF0-0BF63A2CB1BE}.Release|x64.ActiveCfg = Release|x64
		{78A942D0-99BD-4726-8EF0-0BF63A2CB1BE}.Release|x64.Build.0 = Release|x64
		{B0690F2E-DEFE-40B7-AF32-6F9C1CBBFE35}.Debug|Win32.ActiveCfg = Debug|Win32
		{B0690F2E-DEFE-40B7-AF32-6F9C1CBBFE35}.Debug|Win32.Build.0 = Debug|Win32
		{B0690F2E-DEFE-40B7-AF32-6F9C1CBBFE35}.Debug|x64.ActiveCfg = Debug|x64
		{B0690F2E-DEFE-40B7-AF32-6F9C1CBBFE35}.Debug|x64.Build.0 = Debug|x64
		{B0690F2E-DEFE-40B7-AF32-6F9C1CBBFE35}.Release|Win32.ActiveCfg = Release|Win32
		{B0690F2E-DEFE-40B7-AF32-6F9C1CBBFE35}.Release|Win32.Build.0 = Release|Win32
		{B0690F2E-DEFE-40B7-AF32-6F9C1CBBFE35}.Release|x64.ActiveCfg = Release|x64
		{B0690F2E-DEFE-40B7-AF32-6F9C1CBBFE35}.Release|x64.Build.0 = Release|x64
		{B16821CC-B22F-45E0-A536-46DBFD41AE54}.Debug|Win32.ActiveCfg = Debug|Win32
		{B16821CC-B22F-45E0-A536-46DBFD41AE54}.Debug|Win32.Build.0 = Debug|Win32
		{B16821CC-B22F-45E0-A536-46DBFD41AE54}.Debug|x64.ActiveCfg = Debug|x64
		{B16821CC-B22F-45E0-A536-46DBFD41AE54}.Debug|x64.Build.0 = Debug|x64
		{B16821CC-B22F-45E0-A536-46DBFD41AE54}.Release|Win32.ActiveCfg = Release|Win32
		{B16821CC-B22F-45E0-A536-46DBFD41AE54}.Release|Win32.Build.0 = Release|Win32
		{B16821CC-B22F-45E0-A536-46DBFD41AE54}.Release|x64.ActiveCfg = Release|x64
		{B16821CC-B22F-45E0-A536-46DBFD41AE54}.Release|x64.Build.0 = Release|x64
		{B35D9035-12AD-4E93-9582-EFFD90CF20B3}.Debug|Win32.ActiveCfg = Debug|Win32
		{B35D9035-12AD-4E93-9582-EFFD90CF20B3}.Debug|Win32.Build.0 = Debug|Win32
		{B35D9035-12AD-4E93-9582-EFFD90CF20B3}.Debug|x64.ActiveCfg = Debug|x64
		{B35D9035-12AD-4E93-9582-EFFD90CF20B3}.Debug|x64.Build.0 = Debug|x64
		{B35D9035-12AD-4E93-9582-EFFD90CF20B3}.Release|Win32.ActiveCfg = Release|Win32
		{B35D9035-12AD-4E93-9582-EFFD90CF20B3}.Release|Win32.Build.0 = Release|Win32
		{B35D9035-12AD-4E93-9582-EFFD90CF20B3}.Release|x64.ActiveCfg = Release|x64
		{B35D9035-12AD-4E93-9582-EFFD90CF20B3}.Release|x64.Build.0 = Release|x64
		{8B521132-E07D-4ECE-9EC4-9E17D03140EE}.Debug|Win32.ActiveCfg = Debug|Win32
		{8B521132-E07D-4ECE-9EC4-9E17D03140EE}.Debug|Win32.Build.0 = Debug|Win32
		{8B521132-E07D-4ECE-9EC4-9E17D03140EE}.Debug|x64.ActiveCfg = Debug|x64
		{8B521132-E07D-4ECE-9EC4-9E17D03140EE}.Debug|x64.Build.0 = Debug|x64
		{8B521132-E07D-4ECE-9EC4-9E17D03140EE}.Release|Win32.ActiveCfg = Release|Win32
		{8B521132-E07D-4ECE-9EC4-9E17D03140EE}.Release|Win32.Build.0 = Release|Win32
		{8B521132-E07D-4ECE-9EC4-9E17D03140EE}.Release|x64.ActiveCfg = Release|x64
		{8B521132-E07D-4ECE-9EC4-9E17D03140EE}.Release|x64.Build.0 = Release|x64
		{7B5AD4F0-6211-4A72-8A3B-1E5C021F22DC}.Debug|Win32.ActiveCfg = Debug|Win32
		{7B5AD4F0-6211-4A72-8A3B-1E5C021F22DC}.Debug|Win32.Build.0 = Debug|Win32
		{7B5AD4F0-6211-4A72-8A3B-1E5C021F22DC}.Debug|x64.ActiveCfg = Debug|x64
		{7B5AD4F0-6211-4A72-8A3B-1E5C021F22DC}.Debug|x64.Build.0 = Debug|x64
		{7B5AD4F0-6211-4A72-8A3B-1E5C021F22DC}.Release|Win32.ActiveCfg = Release|Win32
		{7B5AD4F0-6211-4A72-8A3B-1E5C021F22DC}.Release|Win32.Build.0 = Release|Win32
		{7B5AD4F0-6211-4A72-8A3B-1E5C021F22DC}.Release|x64.ActiveCfg = Release|x64
		{7B5AD4F0-6211-4A72-8A3B-1E5C021F22DC}.Release|x64.Build.0 = Release|x64
		{7E0434A5-722D-46CD-96B7-31700D242E18}.Debug|Win32.ActiveCfg = Debug|Win32
		{7E0434A5-722D-46CD-96B7-31700D242E18}.Debug|Win32.Build.0 = Debug|Win32
		{7E0434A5-722D-46CD-96B7-31700D242E18}.Debug|x64.ActiveCfg = Debug|x64
		{7E0434A5-722D-46CD-96B7-31700D242E18}.Debug|x64.Build.0 = Debug|x64
		{7E0434A5-722D-46CD-96B7-31700D242E18}.Release|Win32.ActiveCfg = Release|Win32
		{7E0434A5-722D-46CD-96B7-31700D242E18}.Release|Win32.Build.0 = Release|Win32
		{7E0434A5-722D-46CD-96B7-31700D242E18}.Release|x64.ActiveCfg = Release|x64
		{7E0434A5-722D-46CD-96B7-31700D242E18}.Release|x64.Build.0 = Release|x64
		{F13619DB-980A-4B8C-9982-D922B51CC66F}.Debug|Win32.ActiveCfg = Debug|Win32
		{F13619DB-980A-4B8C-9982-D922B51CC66F}.Debug|Win32.Build.0 = Debug|Win32
		{F13619DB-980A-4B8C-9982-D922B51CC66F}.Debug|x64.ActiveCfg = Debug|x64
		{F13619DB-980A-4B8C-9982-D922B51CC66F}.Debug|x64.Build.0 = Debug|x64
		{F13619DB-980A-4B8C-9982-D922B51CC66F}.Release|Win32.ActiveCfg = Release|Win32
		{F13619DB-980A-4B8C-9982-D922B51CC66F}.Release|Win32.Build.0 = Release|Win32
		{F13619DB-980A-4B8C-9982-D922B51CC66F}.Release|x64.ActiveCfg = Release|x64
		{F13619DB-980A-4B8C-9982-D922B51CC66F}.Release|x64.Build.0 = Release|x64
		{E3932F06-DA1D-42A8-95AB-B3469B90F26F}.Debug|Win32.ActiveCfg = Debug|Win32
		{E3932F06-DA1D-42A8-95AB-B3469B90F26F}.Debug|Win32.Build.0 = Debug|Win32
		{E3932F06-DA1D-42A8-95AB-B3469B90F26F}.Debug|x64.ActiveCfg = Debug|x64
		{E3932F06-DA1D-42A8-95AB-B3469B90F26F}.Debug|x64.Build.0 = Debug|x64
		{E3932F06-DA1D-42A8-95AB-B3469B90F26F}.Release|Win32.ActiveCfg = Release|Win32
		{E3932F06-DA1D-42A8-95AB-B3469B90F26F}.Release|Win32.Build.0 = Release|Win32
		{E3932F06-DA1D-42A8-95AB-B3469B90F26F}.Release|x64.ActiveCfg = Release|x64
		{E3932F06-DA1D-42A8-95AB-B3469B90F26F}.Release|x64.Build.0 = Release|x64
		{BB4A5654-F24B-476F-A7B3-0A5D129E9076}.Debug|Win32.ActiveCfg = Debug|Win32
		{BB4A5654-F24B-476F-A7B3-0A5D129E9076}.Debug|Win32.Build.0 = Debug|Win32
		{BB4A5654-F24B-476F-A7B3-0A5D129E9076}.Debug|x64.ActiveCfg = Debug|x64
		{BB4A5654-F24B-476F-A7B3-0A5D129E9076}.Debug|x64.Build.0 = Debug|x64
		{BB4A5654-F24B-476F-A7B3-0A5D129E9076}.Release|Win32.ActiveCfg = Release|Win32
		{BB4A5654-F24B-476F-A7B3-0A5D129E9076}.Release|Win32.Build.0 = Release|Win32
		{BB4A5654-F24B-476F-A7B3-0A5D129E9076}.Release|x64.ActiveCfg = Release|x64
		{BB4A5654-F24B-476F-A7B3-0A5D129E9076}.Release|x64.Build.0 = Release|x64
		{FA7E7C80-0B7B-4EC3-BD78-04FD38C80DF0}.Debug|Win32.ActiveCfg = Debug|Win32
		{FA7E7C80-0B7B-4EC3-BD78-04FD38C80DF0}.Debug|Win32.Build.0 = Debug|Win32
		{FA7E7C80-0B7B-4EC3-BD78-04FD38C80DF0}.Debug|x64.ActiveCfg = Debug|Win32
		{FA7E7C80-0B7B-4EC3-BD78-04FD38C80DF0}.Release|Win32.ActiveCfg = Release|Win32
		{FA7E7C80-0B7B-4EC3-BD78-04FD38C80DF0}.Release|Win32.Build.0 = Release|Win32
		{FA7E7C80-0B7B-4EC3-BD78-04FD38C80DF0}.Release|x64.ActiveCfg = Release|Win32
	EndGlobalSection
	GlobalSection(SolutionProperties) = preSolution
		HideSolutionNode = FALSE
	EndGlobalSection
EndGlobal
