<?xml version="1.0" encoding="UTF-8" standalone="yes" ?>
<CodeBlocks_project_file>
	<FileVersion major="1" minor="6" />
	<Project>
		<Option title="Example07c" />
		<Option pch_mode="2" />
		<Option compiler="gcc" />
		<Build>
			<Target title="Debug Win32">
				<Option output="$(#BSHOME)\Bin\example07c" prefix_auto="1" extension_auto="1" />
				<Option object_output="gccDebug" />
				<Option type="1" />
				<Option compiler="gcc" />
				<Compiler>
					<Add option="-g" />
					<Add option="-W" />
					<Add option="-O0" />
					<Add option="-mthreads" />
					<Add option="-DWIN32" />
					<Add option="-D_DEBUG" />
					<Add option="-D_CONSOLE" />
					<Add option="-D_WINDOWS" />
				</Compiler>
				<Linker>
					<Add library="CommonD" />
				</Linker>
			</Target>
			<Target title="Release Win32">
				<Option output="$(#BSHOME)\Bin\example07c" prefix_auto="1" extension_auto="1" />
				<Option object_output="gccRelease" />
				<Option type="1" />
				<Option compiler="gcc" />
				<Compiler>
					<Add option="-O3" />
					<Add option="-W" />
					<Add option="-mthreads" />
					<Add option="-DWIN32" />
					<Add option="-DNDEBUG" />
					<Add option="-D_CONSOLE" />
					<Add option="-D_WINDOWS" />
				</Compiler>
				<Linker>
					<Add library="Common" />
				</Linker>
			</Target>
			<Target title="Debug UNIX">
				<Option output="$(#BSHOME)/Bin/example07c" prefix_auto="1" extension_auto="1" />
				<Option object_output="gccDebug" />
				<Option type="1" />
				<Option compiler="gcc" />
				<Compiler>
					<Add option="-g" />
					<Add option="-W" />
					<Add option="-pthread" />
					<Add option="-DUNIX" />
					<Add option="-DDEBUG" />
				</Compiler>
				<Linker>
					<Add library="CommonD" />
				</Linker>
			</Target>
			<Target title="Release UNIX">
				<Option output="$(#BSHOME)/Bin/example07c" prefix_auto="1" extension_auto="1" />
				<Option object_output="gccRelease" />
				<Option type="1" />
				<Option compiler="gcc" />
				<Compiler>
					<Add option="-O3" />
					<Add option="-W" />
					<Add option="-pthread" />
					<Add option="-DUNIX" />
					<Add option="-DNDEBUG" />
				</Compiler>
				<Linker>
					<Add library="Common" />
				</Linker>
			</Target>
		</Build>
		<Compiler>
			<Add option="-DGCC" />
			<Add option="-DUSE_TINYXML" />
			<Add directory="$(#BSHOME)/Include" />
		</Compiler>
		<Linker>
			<Add directory="$(#BSHOME)/Lib" />
		</Linker>
		<Unit filename="main.cpp" />
		<Extensions>
			<code_completion />
			<debugger />
		</Extensions>
	</Project>
</CodeBlocks_project_file>
