<?xml version="1.0" encoding="UTF-8" standalone="yes" ?>
<CodeBlocks_project_file>
	<FileVersion major="1" minor="6" />
	<Project>
		<Option title="Example10" />
		<Option pch_mode="2" />
		<Option compiler="gcc" />
		<Build>
			<Target title="Debug Win32">
				<Option output="$(#BSHOME)\Bin\example10" prefix_auto="1" extension_auto="1" />
				<Option object_output="gccDebug" />
				<Option type="1" />
				<Option compiler="gcc" />
				<Compiler>
					<Add option="-g" />
					<Add option="-W" />
					<Add option="-O0" />
					<Add option="-mthreads" />
					<Add option="-D_WINDOWS" />
					<Add option="-DWIN32" />
					<Add option="-D_DEBUG" />
					<Add option="-D_CONSOLE" />
				</Compiler>
				<Linker>
					<Add library="InstrumentsD" />
					<Add library="CommonD" />
				</Linker>
			</Target>
			<Target title="Release Win32">
				<Option output="$(#BSHOME)\Bin\example10" prefix_auto="1" extension_auto="1" />
				<Option object_output="gccRelease" />
				<Option type="1" />
				<Option compiler="gcc" />
				<Compiler>
					<Add option="-O3" />
					<Add option="-W" />
					<Add option="-mthreads" />
					<Add option="-D_WINDOWS" />
					<Add option="-DWIN32" />
					<Add option="-DNDEBUG" />
					<Add option="-D_CONSOLE" />
				</Compiler>
				<Linker>
					<Add library="Instruments" />
					<Add library="Common" />
				</Linker>
			</Target>
			<Target title="Debug UNIX">
				<Option output="$(#BSHOME)/Bin/example10" prefix_auto="1" extension_auto="1" />
				<Option object_output="gccDebug" />
				<Option type="1" />
				<Option compiler="gcc" />
				<Compiler>
					<Add option="-g" />
					<Add option="-W" />
					<Add option="-pthread" />
					<Add option="-DUNIX" />
					<Add option="-DDEBUG" />
				</Compiler>
				<Linker>
					<Add library="InstrumentsD" />
					<Add library="CommonD" />
				</Linker>
			</Target>
			<Target title="Release UNIX">
				<Option output="$(#BSHOME)/Bin/example10" prefix_auto="1" extension_auto="1" />
				<Option object_output="gccRelease" />
				<Option type="1" />
				<Option compiler="gcc" />
				<Compiler>
					<Add option="-O3" />
					<Add option="-W" />
					<Add option="-pthread" />
					<Add option="-DUNIX" />
					<Add option="-DNDEBUG" />
				</Compiler>
				<Linker>
					<Add library="Instruments" />
					<Add library="Common" />
				</Linker>
			</Target>
		</Build>
		<ExtraCommands>
			<Add after="$(CMD_CP) data.xml $(TARGET_OUTPUT_DIR)" />
			<Add after="$(CMD_CP) test1.wav $(TARGET_OUTPUT_DIR)" />
			<Add after="$(CMD_CP) test2.wav $(TARGET_OUTPUT_DIR)" />
		</ExtraCommands>
		<Unit filename="data.xml" />
		<Unit filename="main.cpp" />
		<Unit filename="test1.wav" />
		<Unit filename="test2.wav" />
		<Extensions>
			<code_completion />
			<debugger />
		</Extensions>
		<Compiler>
			<Add option="-DUSE_TINYXML" />
			<Add option="-DGCC" />
			<Add directory="$(#BSHOME)/Include" />
			<Add directory="$(#BSHOME)/Src/Instruments" />
		</Compiler>
		<Linker>
			<Add directory="$(#BSHOME)/Lib" />
		</Linker>
	</Project>
</CodeBlocks_project_file>
